// !$*UTF8*$!
{
	archiveVersion = 1;
	classes = {
	};
	objectVersion = 46;
	objects = {

/* Begin PBXBuildFile section */
		9FB3EAAFC966E35CE62B0A48 /* Pods_Lenote.framework in Frameworks */ = {isa = PBXBuildFile; fileRef = CFA8E481634B7B35D8C6B710 /* Pods_Lenote.framework */; };
		BA06ADDB1CA347830059E6A8 /* AppIcon@2x.png in Resources */ = {isa = PBXBuildFile; fileRef = BA06ADD91CA347830059E6A8 /* AppIcon@2x.png */; };
		BA06ADDC1CA347830059E6A8 /* AppIcon@3x.png in Resources */ = {isa = PBXBuildFile; fileRef = BA06ADDA1CA347830059E6A8 /* AppIcon@3x.png */; };
		BA23E3E91CA1F6E100516750 /* FolderCell.swift in Sources */ = {isa = PBXBuildFile; fileRef = BA23E3E81CA1F6E100516750 /* FolderCell.swift */; };
		BA23E3ED1CA1FC8300516750 /* Add@1x.png in Resources */ = {isa = PBXBuildFile; fileRef = BA23E3EA1CA1FC8300516750 /* Add@1x.png */; };
		BA23E3EE1CA1FC8300516750 /* Add@2x.png in Resources */ = {isa = PBXBuildFile; fileRef = BA23E3EB1CA1FC8300516750 /* Add@2x.png */; };
		BA23E3EF1CA1FC8300516750 /* Add@3x.png in Resources */ = {isa = PBXBuildFile; fileRef = BA23E3EC1CA1FC8300516750 /* Add@3x.png */; };
		BA46E15C1CA9879300975CCA /* Note+CoreDataProperties.swift in Sources */ = {isa = PBXBuildFile; fileRef = BA46E15A1CA9879300975CCA /* Note+CoreDataProperties.swift */; };
		BA46E15D1CA9879300975CCA /* Note.swift in Sources */ = {isa = PBXBuildFile; fileRef = BA46E15B1CA9879300975CCA /* Note.swift */; };
		BA46E15F1CA98CB000975CCA /* NoteTypesTVC.swift in Sources */ = {isa = PBXBuildFile; fileRef = BA46E15E1CA98CB000975CCA /* NoteTypesTVC.swift */; };
		BA4C97D11CA2B71500FDEAF9 /* NewNote.png in Resources */ = {isa = PBXBuildFile; fileRef = BA4C97CE1CA2B71500FDEAF9 /* NewNote.png */; };
		BA4C97D21CA2B71500FDEAF9 /* NewNote@2x.png in Resources */ = {isa = PBXBuildFile; fileRef = BA4C97CF1CA2B71500FDEAF9 /* NewNote@2x.png */; };
		BA4C97D31CA2B71500FDEAF9 /* NewNote@3x.png in Resources */ = {isa = PBXBuildFile; fileRef = BA4C97D01CA2B71500FDEAF9 /* NewNote@3x.png */; };
		BA8685381CA1E1770025CE94 /* Classes.swift in Sources */ = {isa = PBXBuildFile; fileRef = BA8685371CA1E1770025CE94 /* Classes.swift */; };
		BAFA05F81CA87C9300B0005F /* NoteTVC.swift in Sources */ = {isa = PBXBuildFile; fileRef = BAFA05F71CA87C9300B0005F /* NoteTVC.swift */; };
		BAFBE05D1CA451960046E752 /* More.png in Resources */ = {isa = PBXBuildFile; fileRef = BAFBE05A1CA451960046E752 /* More.png */; };
		BAFBE05E1CA451960046E752 /* More@2x.png in Resources */ = {isa = PBXBuildFile; fileRef = BAFBE05B1CA451960046E752 /* More@2x.png */; };
		BAFBE05F1CA451960046E752 /* More@3x.png in Resources */ = {isa = PBXBuildFile; fileRef = BAFBE05C1CA451960046E752 /* More@3x.png */; };
		BAFBE0671CA45BA10046E752 /* NewFolder.png in Resources */ = {isa = PBXBuildFile; fileRef = BAFBE0641CA45BA10046E752 /* NewFolder.png */; };
		BAFBE0681CA45BA10046E752 /* NewFolder@2x.png in Resources */ = {isa = PBXBuildFile; fileRef = BAFBE0651CA45BA10046E752 /* NewFolder@2x.png */; };
		BAFBE0691CA45BA10046E752 /* NewFolder@3x.png in Resources */ = {isa = PBXBuildFile; fileRef = BAFBE0661CA45BA10046E752 /* NewFolder@3x.png */; };
		BAFBE0701CA460820046E752 /* Folder+CoreDataProperties.swift in Sources */ = {isa = PBXBuildFile; fileRef = BAFBE06C1CA460820046E752 /* Folder+CoreDataProperties.swift */; };
		BAFBE0711CA460820046E752 /* Folder.swift in Sources */ = {isa = PBXBuildFile; fileRef = BAFBE06D1CA460820046E752 /* Folder.swift */; };
		BAFEB7EE1CA608F900B394EF /* FolderTVC.swift in Sources */ = {isa = PBXBuildFile; fileRef = BAFEB7ED1CA608F900B394EF /* FolderTVC.swift */; };
		BAFEB7F11CA60CAC00B394EF /* NoteCell.swift in Sources */ = {isa = PBXBuildFile; fileRef = BAFEB7F01CA60CAC00B394EF /* NoteCell.swift */; };
		BAFF99511CA1618200FD12F7 /* AppDelegate.swift in Sources */ = {isa = PBXBuildFile; fileRef = BAFF99501CA1618200FD12F7 /* AppDelegate.swift */; };
		BAFF99531CA1618200FD12F7 /* FoldersTVC.swift in Sources */ = {isa = PBXBuildFile; fileRef = BAFF99521CA1618200FD12F7 /* FoldersTVC.swift */; };
		BAFF99561CA1618200FD12F7 /* Main.storyboard in Resources */ = {isa = PBXBuildFile; fileRef = BAFF99541CA1618200FD12F7 /* Main.storyboard */; };
		BAFF99591CA1618200FD12F7 /* Lenote.xcdatamodeld in Sources */ = {isa = PBXBuildFile; fileRef = BAFF99571CA1618200FD12F7 /* Lenote.xcdatamodeld */; };
		BAFF995B1CA1618200FD12F7 /* Assets.xcassets in Resources */ = {isa = PBXBuildFile; fileRef = BAFF995A1CA1618200FD12F7 /* Assets.xcassets */; };
		BAFF995E1CA1618200FD12F7 /* LaunchScreen.storyboard in Resources */ = {isa = PBXBuildFile; fileRef = BAFF995C1CA1618200FD12F7 /* LaunchScreen.storyboard */; };
		BAFF99691CA1618200FD12F7 /* LenoteTests.swift in Sources */ = {isa = PBXBuildFile; fileRef = BAFF99681CA1618200FD12F7 /* LenoteTests.swift */; };
		BAFF99741CA1618200FD12F7 /* LenoteUITests.swift in Sources */ = {isa = PBXBuildFile; fileRef = BAFF99731CA1618200FD12F7 /* LenoteUITests.swift */; };
/* End PBXBuildFile section */

/* Begin PBXContainerItemProxy section */
		BAFF99651CA1618200FD12F7 /* PBXContainerItemProxy */ = {
			isa = PBXContainerItemProxy;
			containerPortal = BAFF99451CA1618200FD12F7 /* Project object */;
			proxyType = 1;
			remoteGlobalIDString = BAFF994C1CA1618200FD12F7;
			remoteInfo = Lenote;
		};
		BAFF99701CA1618200FD12F7 /* PBXContainerItemProxy */ = {
			isa = PBXContainerItemProxy;
			containerPortal = BAFF99451CA1618200FD12F7 /* Project object */;
			proxyType = 1;
			remoteGlobalIDString = BAFF994C1CA1618200FD12F7;
			remoteInfo = Lenote;
		};
/* End PBXContainerItemProxy section */

/* Begin PBXFileReference section */
		596B0EB15EA16457A5874DDD /* Pods-Lenote.debug.xcconfig */ = {isa = PBXFileReference; includeInIndex = 1; lastKnownFileType = text.xcconfig; name = "Pods-Lenote.debug.xcconfig"; path = "Pods/Target Support Files/Pods-Lenote/Pods-Lenote.debug.xcconfig"; sourceTree = "<group>"; };
		BA06ADD91CA347830059E6A8 /* AppIcon@2x.png */ = {isa = PBXFileReference; lastKnownFileType = image.png; name = "AppIcon@2x.png"; path = "Resources/AppIcon@2x.png"; sourceTree = "<group>"; };
		BA06ADDA1CA347830059E6A8 /* AppIcon@3x.png */ = {isa = PBXFileReference; lastKnownFileType = image.png; name = "AppIcon@3x.png"; path = "Resources/AppIcon@3x.png"; sourceTree = "<group>"; };
		BA23E3E81CA1F6E100516750 /* FolderCell.swift */ = {isa = PBXFileReference; fileEncoding = 4; lastKnownFileType = sourcecode.swift; path = FolderCell.swift; sourceTree = "<group>"; };
		BA23E3EA1CA1FC8300516750 /* Add@1x.png */ = {isa = PBXFileReference; lastKnownFileType = image.png; name = "Add@1x.png"; path = "Resources/Add@1x.png"; sourceTree = "<group>"; };
		BA23E3EB1CA1FC8300516750 /* Add@2x.png */ = {isa = PBXFileReference; lastKnownFileType = image.png; name = "Add@2x.png"; path = "Resources/Add@2x.png"; sourceTree = "<group>"; };
		BA23E3EC1CA1FC8300516750 /* Add@3x.png */ = {isa = PBXFileReference; lastKnownFileType = image.png; name = "Add@3x.png"; path = "Resources/Add@3x.png"; sourceTree = "<group>"; };
		BA46E15A1CA9879300975CCA /* Note+CoreDataProperties.swift */ = {isa = PBXFileReference; fileEncoding = 4; lastKnownFileType = sourcecode.swift; path = "Note+CoreDataProperties.swift"; sourceTree = "<group>"; };
		BA46E15B1CA9879300975CCA /* Note.swift */ = {isa = PBXFileReference; fileEncoding = 4; lastKnownFileType = sourcecode.swift; path = Note.swift; sourceTree = "<group>"; };
		BA46E15E1CA98CB000975CCA /* NoteTypesTVC.swift */ = {isa = PBXFileReference; fileEncoding = 4; lastKnownFileType = sourcecode.swift; path = NoteTypesTVC.swift; sourceTree = "<group>"; };
		BA4C97CE1CA2B71500FDEAF9 /* NewNote.png */ = {isa = PBXFileReference; lastKnownFileType = image.png; name = NewNote.png; path = Resources/NewNote.png; sourceTree = "<group>"; };
		BA4C97CF1CA2B71500FDEAF9 /* NewNote@2x.png */ = {isa = PBXFileReference; lastKnownFileType = image.png; name = "NewNote@2x.png"; path = "Resources/NewNote@2x.png"; sourceTree = "<group>"; };
		BA4C97D01CA2B71500FDEAF9 /* NewNote@3x.png */ = {isa = PBXFileReference; lastKnownFileType = image.png; name = "NewNote@3x.png"; path = "Resources/NewNote@3x.png"; sourceTree = "<group>"; };
		BA8685371CA1E1770025CE94 /* Classes.swift */ = {isa = PBXFileReference; fileEncoding = 4; lastKnownFileType = sourcecode.swift; path = Classes.swift; sourceTree = "<group>"; };
		BAFA05F71CA87C9300B0005F /* NoteTVC.swift */ = {isa = PBXFileReference; fileEncoding = 4; lastKnownFileType = sourcecode.swift; path = NoteTVC.swift; sourceTree = "<group>"; };
		BAFAC9171CA5683200EB098E /* Lenote-Bridging-Header.h */ = {isa = PBXFileReference; lastKnownFileType = sourcecode.c.h; path = "Lenote-Bridging-Header.h"; sourceTree = "<group>"; };
		BAFBE05A1CA451960046E752 /* More.png */ = {isa = PBXFileReference; lastKnownFileType = image.png; name = More.png; path = Resources/More.png; sourceTree = "<group>"; };
		BAFBE05B1CA451960046E752 /* More@2x.png */ = {isa = PBXFileReference; lastKnownFileType = image.png; name = "More@2x.png"; path = "Resources/More@2x.png"; sourceTree = "<group>"; };
		BAFBE05C1CA451960046E752 /* More@3x.png */ = {isa = PBXFileReference; lastKnownFileType = image.png; name = "More@3x.png"; path = "Resources/More@3x.png"; sourceTree = "<group>"; };
		BAFBE0641CA45BA10046E752 /* NewFolder.png */ = {isa = PBXFileReference; lastKnownFileType = image.png; name = NewFolder.png; path = Resources/NewFolder.png; sourceTree = "<group>"; };
		BAFBE0651CA45BA10046E752 /* NewFolder@2x.png */ = {isa = PBXFileReference; lastKnownFileType = image.png; name = "NewFolder@2x.png"; path = "Resources/NewFolder@2x.png"; sourceTree = "<group>"; };
		BAFBE0661CA45BA10046E752 /* NewFolder@3x.png */ = {isa = PBXFileReference; lastKnownFileType = image.png; name = "NewFolder@3x.png"; path = "Resources/NewFolder@3x.png"; sourceTree = "<group>"; };
		BAFBE06C1CA460820046E752 /* Folder+CoreDataProperties.swift */ = {isa = PBXFileReference; fileEncoding = 4; lastKnownFileType = sourcecode.swift; path = "Folder+CoreDataProperties.swift"; sourceTree = "<group>"; };
		BAFBE06D1CA460820046E752 /* Folder.swift */ = {isa = PBXFileReference; fileEncoding = 4; lastKnownFileType = sourcecode.swift; path = Folder.swift; sourceTree = "<group>"; };
		BAFEB7ED1CA608F900B394EF /* FolderTVC.swift */ = {isa = PBXFileReference; fileEncoding = 4; lastKnownFileType = sourcecode.swift; path = FolderTVC.swift; sourceTree = "<group>"; };
		BAFEB7F01CA60CAC00B394EF /* NoteCell.swift */ = {isa = PBXFileReference; fileEncoding = 4; lastKnownFileType = sourcecode.swift; path = NoteCell.swift; sourceTree = "<group>"; };
		BAFF994D1CA1618200FD12F7 /* Lenote.app */ = {isa = PBXFileReference; explicitFileType = wrapper.application; includeInIndex = 0; path = Lenote.app; sourceTree = BUILT_PRODUCTS_DIR; };
		BAFF99501CA1618200FD12F7 /* AppDelegate.swift */ = {isa = PBXFileReference; lastKnownFileType = sourcecode.swift; path = AppDelegate.swift; sourceTree = "<group>"; };
		BAFF99521CA1618200FD12F7 /* FoldersTVC.swift */ = {isa = PBXFileReference; lastKnownFileType = sourcecode.swift; path = FoldersTVC.swift; sourceTree = "<group>"; };
		BAFF99551CA1618200FD12F7 /* Base */ = {isa = PBXFileReference; lastKnownFileType = file.storyboard; name = Base; path = Base.lproj/Main.storyboard; sourceTree = "<group>"; };
		BAFF99581CA1618200FD12F7 /* Lenote.xcdatamodel */ = {isa = PBXFileReference; lastKnownFileType = wrapper.xcdatamodel; path = Lenote.xcdatamodel; sourceTree = "<group>"; };
		BAFF995A1CA1618200FD12F7 /* Assets.xcassets */ = {isa = PBXFileReference; lastKnownFileType = folder.assetcatalog; path = Assets.xcassets; sourceTree = "<group>"; };
		BAFF995D1CA1618200FD12F7 /* Base */ = {isa = PBXFileReference; lastKnownFileType = file.storyboard; name = Base; path = Base.lproj/LaunchScreen.storyboard; sourceTree = "<group>"; };
		BAFF995F1CA1618200FD12F7 /* Info.plist */ = {isa = PBXFileReference; lastKnownFileType = text.plist.xml; path = Info.plist; sourceTree = "<group>"; };
		BAFF99641CA1618200FD12F7 /* LenoteTests.xctest */ = {isa = PBXFileReference; explicitFileType = wrapper.cfbundle; includeInIndex = 0; path = LenoteTests.xctest; sourceTree = BUILT_PRODUCTS_DIR; };
		BAFF99681CA1618200FD12F7 /* LenoteTests.swift */ = {isa = PBXFileReference; lastKnownFileType = sourcecode.swift; path = LenoteTests.swift; sourceTree = "<group>"; };
		BAFF996A1CA1618200FD12F7 /* Info.plist */ = {isa = PBXFileReference; lastKnownFileType = text.plist.xml; path = Info.plist; sourceTree = "<group>"; };
		BAFF996F1CA1618200FD12F7 /* LenoteUITests.xctest */ = {isa = PBXFileReference; explicitFileType = wrapper.cfbundle; includeInIndex = 0; path = LenoteUITests.xctest; sourceTree = BUILT_PRODUCTS_DIR; };
		BAFF99731CA1618200FD12F7 /* LenoteUITests.swift */ = {isa = PBXFileReference; lastKnownFileType = sourcecode.swift; path = LenoteUITests.swift; sourceTree = "<group>"; };
		BAFF99751CA1618200FD12F7 /* Info.plist */ = {isa = PBXFileReference; lastKnownFileType = text.plist.xml; path = Info.plist; sourceTree = "<group>"; };
		CFA8E481634B7B35D8C6B710 /* Pods_Lenote.framework */ = {isa = PBXFileReference; explicitFileType = wrapper.framework; includeInIndex = 0; path = Pods_Lenote.framework; sourceTree = BUILT_PRODUCTS_DIR; };
		F4837EF6D092FF4849C50B68 /* Pods-Lenote.release.xcconfig */ = {isa = PBXFileReference; includeInIndex = 1; lastKnownFileType = text.xcconfig; name = "Pods-Lenote.release.xcconfig"; path = "Pods/Target Support Files/Pods-Lenote/Pods-Lenote.release.xcconfig"; sourceTree = "<group>"; };
/* End PBXFileReference section */

/* Begin PBXFrameworksBuildPhase section */
		BAFF994A1CA1618200FD12F7 /* Frameworks */ = {
			isa = PBXFrameworksBuildPhase;
			buildActionMask = 2147483647;
			files = (
				9FB3EAAFC966E35CE62B0A48 /* Pods_Lenote.framework in Frameworks */,
			);
			runOnlyForDeploymentPostprocessing = 0;
		};
		BAFF99611CA1618200FD12F7 /* Frameworks */ = {
			isa = PBXFrameworksBuildPhase;
			buildActionMask = 2147483647;
			files = (
			);
			runOnlyForDeploymentPostprocessing = 0;
		};
		BAFF996C1CA1618200FD12F7 /* Frameworks */ = {
			isa = PBXFrameworksBuildPhase;
			buildActionMask = 2147483647;
			files = (
			);
			runOnlyForDeploymentPostprocessing = 0;
		};
/* End PBXFrameworksBuildPhase section */

/* Begin PBXGroup section */
		5891378CD2D5BBDB170D6F53 /* Pods */ = {
			isa = PBXGroup;
			children = (
				596B0EB15EA16457A5874DDD /* Pods-Lenote.debug.xcconfig */,
				F4837EF6D092FF4849C50B68 /* Pods-Lenote.release.xcconfig */,
			);
			name = Pods;
			sourceTree = "<group>";
		};
		AC9F941B3C72F50CB80D6756 /* Frameworks */ = {
			isa = PBXGroup;
			children = (
				CFA8E481634B7B35D8C6B710 /* Pods_Lenote.framework */,
			);
			name = Frameworks;
			sourceTree = "<group>";
		};
		BA23E3E71CA1F6B100516750 /* Models */ = {
			isa = PBXGroup;
			children = (
				BA46E15A1CA9879300975CCA /* Note+CoreDataProperties.swift */,
				BA46E15B1CA9879300975CCA /* Note.swift */,
				BAFBE06C1CA460820046E752 /* Folder+CoreDataProperties.swift */,
				BAFBE06D1CA460820046E752 /* Folder.swift */,
			);
			name = Models;
			sourceTree = "<group>";
		};
		BA8685361CA1B9700025CE94 /* View Controllers */ = {
			isa = PBXGroup;
			children = (
				BAFF99521CA1618200FD12F7 /* FoldersTVC.swift */,
				BAFEB7ED1CA608F900B394EF /* FolderTVC.swift */,
				BA46E15E1CA98CB000975CCA /* NoteTypesTVC.swift */,
				BAFA05F71CA87C9300B0005F /* NoteTVC.swift */,
			);
			name = "View Controllers";
			sourceTree = "<group>";
		};
		BA86854A1CA1F1770025CE94 /* Resources */ = {
			isa = PBXGroup;
			children = (
				BAFBE0641CA45BA10046E752 /* NewFolder.png */,
				BAFBE0651CA45BA10046E752 /* NewFolder@2x.png */,
				BAFBE0661CA45BA10046E752 /* NewFolder@3x.png */,
				BAFBE05A1CA451960046E752 /* More.png */,
				BAFBE05B1CA451960046E752 /* More@2x.png */,
				BAFBE05C1CA451960046E752 /* More@3x.png */,
				BA06ADD91CA347830059E6A8 /* AppIcon@2x.png */,
				BA06ADDA1CA347830059E6A8 /* AppIcon@3x.png */,
				BA4C97CE1CA2B71500FDEAF9 /* NewNote.png */,
				BA4C97CF1CA2B71500FDEAF9 /* NewNote@2x.png */,
				BA4C97D01CA2B71500FDEAF9 /* NewNote@3x.png */,
				BA23E3EA1CA1FC8300516750 /* Add@1x.png */,
				BA23E3EB1CA1FC8300516750 /* Add@2x.png */,
				BA23E3EC1CA1FC8300516750 /* Add@3x.png */,
			);
			name = Resources;
			sourceTree = "<group>";
		};
		BAFEB7EF1CA60BE800B394EF /* Views */ = {
			isa = PBXGroup;
			children = (
				BA23E3E81CA1F6E100516750 /* FolderCell.swift */,
				BAFEB7F01CA60CAC00B394EF /* NoteCell.swift */,
			);
			name = Views;
			sourceTree = "<group>";
		};
		BAFF99441CA1618200FD12F7 = {
			isa = PBXGroup;
			children = (
				BAFF994F1CA1618200FD12F7 /* Lenote */,
				BAFF99671CA1618200FD12F7 /* LenoteTests */,
				BAFF99721CA1618200FD12F7 /* LenoteUITests */,
				BAFF994E1CA1618200FD12F7 /* Products */,
				5891378CD2D5BBDB170D6F53 /* Pods */,
				AC9F941B3C72F50CB80D6756 /* Frameworks */,
			);
			sourceTree = "<group>";
		};
		BAFF994E1CA1618200FD12F7 /* Products */ = {
			isa = PBXGroup;
			children = (
				BAFF994D1CA1618200FD12F7 /* Lenote.app */,
				BAFF99641CA1618200FD12F7 /* LenoteTests.xctest */,
				BAFF996F1CA1618200FD12F7 /* LenoteUITests.xctest */,
			);
			name = Products;
			sourceTree = "<group>";
		};
		BAFF994F1CA1618200FD12F7 /* Lenote */ = {
			isa = PBXGroup;
			children = (
				BA86854A1CA1F1770025CE94 /* Resources */,
				BA23E3E71CA1F6B100516750 /* Models */,
				BAFEB7EF1CA60BE800B394EF /* Views */,
				BA8685361CA1B9700025CE94 /* View Controllers */,
				BA8685371CA1E1770025CE94 /* Classes.swift */,
				BAFF99501CA1618200FD12F7 /* AppDelegate.swift */,
				BAFF99541CA1618200FD12F7 /* Main.storyboard */,
				BAFF995A1CA1618200FD12F7 /* Assets.xcassets */,
				BAFF995C1CA1618200FD12F7 /* LaunchScreen.storyboard */,
				BAFF995F1CA1618200FD12F7 /* Info.plist */,
				BAFF99571CA1618200FD12F7 /* Lenote.xcdatamodeld */,
				BAFAC9171CA5683200EB098E /* Lenote-Bridging-Header.h */,
			);
			path = Lenote;
			sourceTree = "<group>";
		};
		BAFF99671CA1618200FD12F7 /* LenoteTests */ = {
			isa = PBXGroup;
			children = (
				BAFF99681CA1618200FD12F7 /* LenoteTests.swift */,
				BAFF996A1CA1618200FD12F7 /* Info.plist */,
			);
			path = LenoteTests;
			sourceTree = "<group>";
		};
		BAFF99721CA1618200FD12F7 /* LenoteUITests */ = {
			isa = PBXGroup;
			children = (
				BAFF99731CA1618200FD12F7 /* LenoteUITests.swift */,
				BAFF99751CA1618200FD12F7 /* Info.plist */,
			);
			path = LenoteUITests;
			sourceTree = "<group>";
		};
/* End PBXGroup section */

/* Begin PBXNativeTarget section */
		BAFF994C1CA1618200FD12F7 /* Lenote */ = {
			isa = PBXNativeTarget;
			buildConfigurationList = BAFF99781CA1618200FD12F7 /* Build configuration list for PBXNativeTarget "Lenote" */;
			buildPhases = (
				D8D9CD0DAD318FDCA043C40C /* Check Pods Manifest.lock */,
				BAFF99491CA1618200FD12F7 /* Sources */,
				BAFF994A1CA1618200FD12F7 /* Frameworks */,
				BAFF994B1CA1618200FD12F7 /* Resources */,
				406ECE4CEBD89209C875F383 /* Embed Pods Frameworks */,
				981C6487150D093CD91AD5BB /* Copy Pods Resources */,
			);
			buildRules = (
			);
			dependencies = (
			);
			name = Lenote;
			productName = Lenote;
			productReference = BAFF994D1CA1618200FD12F7 /* Lenote.app */;
			productType = "com.apple.product-type.application";
		};
		BAFF99631CA1618200FD12F7 /* LenoteTests */ = {
			isa = PBXNativeTarget;
			buildConfigurationList = BAFF997B1CA1618200FD12F7 /* Build configuration list for PBXNativeTarget "LenoteTests" */;
			buildPhases = (
				BAFF99601CA1618200FD12F7 /* Sources */,
				BAFF99611CA1618200FD12F7 /* Frameworks */,
				BAFF99621CA1618200FD12F7 /* Resources */,
			);
			buildRules = (
			);
			dependencies = (
				BAFF99661CA1618200FD12F7 /* PBXTargetDependency */,
			);
			name = LenoteTests;
			productName = LenoteTests;
			productReference = BAFF99641CA1618200FD12F7 /* LenoteTests.xctest */;
			productType = "com.apple.product-type.bundle.unit-test";
		};
		BAFF996E1CA1618200FD12F7 /* LenoteUITests */ = {
			isa = PBXNativeTarget;
			buildConfigurationList = BAFF997E1CA1618200FD12F7 /* Build configuration list for PBXNativeTarget "LenoteUITests" */;
			buildPhases = (
				BAFF996B1CA1618200FD12F7 /* Sources */,
				BAFF996C1CA1618200FD12F7 /* Frameworks */,
				BAFF996D1CA1618200FD12F7 /* Resources */,
			);
			buildRules = (
			);
			dependencies = (
				BAFF99711CA1618200FD12F7 /* PBXTargetDependency */,
			);
			name = LenoteUITests;
			productName = LenoteUITests;
			productReference = BAFF996F1CA1618200FD12F7 /* LenoteUITests.xctest */;
			productType = "com.apple.product-type.bundle.ui-testing";
		};
/* End PBXNativeTarget section */

/* Begin PBXProject section */
		BAFF99451CA1618200FD12F7 /* Project object */ = {
			isa = PBXProject;
			attributes = {
				LastSwiftUpdateCheck = 0730;
				LastUpgradeCheck = 0720;
				ORGANIZATIONNAME = "Wallace Toh";
				TargetAttributes = {
					BAFF994C1CA1618200FD12F7 = {
						CreatedOnToolsVersion = 7.2.1;
						DevelopmentTeam = S3RHAPH6ZQ;
					};
					BAFF99631CA1618200FD12F7 = {
						CreatedOnToolsVersion = 7.2.1;
						DevelopmentTeam = S3RHAPH6ZQ;
						TestTargetID = BAFF994C1CA1618200FD12F7;
					};
					BAFF996E1CA1618200FD12F7 = {
						CreatedOnToolsVersion = 7.2.1;
						DevelopmentTeam = S3RHAPH6ZQ;
						TestTargetID = BAFF994C1CA1618200FD12F7;
					};
				};
			};
			buildConfigurationList = BAFF99481CA1618200FD12F7 /* Build configuration list for PBXProject "Lenote" */;
			compatibilityVersion = "Xcode 3.2";
			developmentRegion = English;
			hasScannedForEncodings = 0;
			knownRegions = (
				en,
				Base,
			);
			mainGroup = BAFF99441CA1618200FD12F7;
			productRefGroup = BAFF994E1CA1618200FD12F7 /* Products */;
			projectDirPath = "";
			projectRoot = "";
			targets = (
				BAFF994C1CA1618200FD12F7 /* Lenote */,
				BAFF99631CA1618200FD12F7 /* LenoteTests */,
				BAFF996E1CA1618200FD12F7 /* LenoteUITests */,
			);
		};
/* End PBXProject section */

/* Begin PBXResourcesBuildPhase section */
		BAFF994B1CA1618200FD12F7 /* Resources */ = {
			isa = PBXResourcesBuildPhase;
			buildActionMask = 2147483647;
			files = (
				BAFF995E1CA1618200FD12F7 /* LaunchScreen.storyboard in Resources */,
				BAFBE05E1CA451960046E752 /* More@2x.png in Resources */,
				BAFF995B1CA1618200FD12F7 /* Assets.xcassets in Resources */,
				BAFBE0681CA45BA10046E752 /* NewFolder@2x.png in Resources */,
				BAFF99561CA1618200FD12F7 /* Main.storyboard in Resources */,
				BAFBE05F1CA451960046E752 /* More@3x.png in Resources */,
				BA4C97D21CA2B71500FDEAF9 /* NewNote@2x.png in Resources */,
				BA23E3EF1CA1FC8300516750 /* Add@3x.png in Resources */,
				BA4C97D11CA2B71500FDEAF9 /* NewNote.png in Resources */,
				BAFBE05D1CA451960046E752 /* More.png in Resources */,
				BA4C97D31CA2B71500FDEAF9 /* NewNote@3x.png in Resources */,
				BAFBE0671CA45BA10046E752 /* NewFolder.png in Resources */,
				BA06ADDB1CA347830059E6A8 /* AppIcon@2x.png in Resources */,
				BA06ADDC1CA347830059E6A8 /* AppIcon@3x.png in Resources */,
				BA23E3ED1CA1FC8300516750 /* Add@1x.png in Resources */,
				BA23E3EE1CA1FC8300516750 /* Add@2x.png in Resources */,
				BAFBE0691CA45BA10046E752 /* NewFolder@3x.png in Resources */,
			);
			runOnlyForDeploymentPostprocessing = 0;
		};
		BAFF99621CA1618200FD12F7 /* Resources */ = {
			isa = PBXResourcesBuildPhase;
			buildActionMask = 2147483647;
			files = (
			);
			runOnlyForDeploymentPostprocessing = 0;
		};
		BAFF996D1CA1618200FD12F7 /* Resources */ = {
			isa = PBXResourcesBuildPhase;
			buildActionMask = 2147483647;
			files = (
			);
			runOnlyForDeploymentPostprocessing = 0;
		};
/* End PBXResourcesBuildPhase section */

/* Begin PBXShellScriptBuildPhase section */
		406ECE4CEBD89209C875F383 /* Embed Pods Frameworks */ = {
			isa = PBXShellScriptBuildPhase;
			buildActionMask = 2147483647;
			files = (
			);
			inputPaths = (
			);
			name = "Embed Pods Frameworks";
			outputPaths = (
			);
			runOnlyForDeploymentPostprocessing = 0;
			shellPath = /bin/sh;
			shellScript = "\"${SRCROOT}/Pods/Target Support Files/Pods-Lenote/Pods-Lenote-frameworks.sh\"\n";
			showEnvVarsInLog = 0;
		};
		981C6487150D093CD91AD5BB /* Copy Pods Resources */ = {
			isa = PBXShellScriptBuildPhase;
			buildActionMask = 2147483647;
			files = (
			);
			inputPaths = (
			);
			name = "Copy Pods Resources";
			outputPaths = (
			);
			runOnlyForDeploymentPostprocessing = 0;
			shellPath = /bin/sh;
			shellScript = "\"${SRCROOT}/Pods/Target Support Files/Pods-Lenote/Pods-Lenote-resources.sh\"\n";
			showEnvVarsInLog = 0;
		};
		D8D9CD0DAD318FDCA043C40C /* Check Pods Manifest.lock */ = {
			isa = PBXShellScriptBuildPhase;
			buildActionMask = 2147483647;
			files = (
			);
			inputPaths = (
			);
			name = "Check Pods Manifest.lock";
			outputPaths = (
			);
			runOnlyForDeploymentPostprocessing = 0;
			shellPath = /bin/sh;
			shellScript = "diff \"${PODS_ROOT}/../Podfile.lock\" \"${PODS_ROOT}/Manifest.lock\" > /dev/null\nif [[ $? != 0 ]] ; then\n    cat << EOM\nerror: The sandbox is not in sync with the Podfile.lock. Run 'pod install' or update your CocoaPods installation.\nEOM\n    exit 1\nfi\n";
			showEnvVarsInLog = 0;
		};
/* End PBXShellScriptBuildPhase section */

/* Begin PBXSourcesBuildPhase section */
		BAFF99491CA1618200FD12F7 /* Sources */ = {
			isa = PBXSourcesBuildPhase;
			buildActionMask = 2147483647;
			files = (
				BA46E15C1CA9879300975CCA /* Note+CoreDataProperties.swift in Sources */,
				BAFF99531CA1618200FD12F7 /* FoldersTVC.swift in Sources */,
				BA46E15F1CA98CB000975CCA /* NoteTypesTVC.swift in Sources */,
				BAFEB7F11CA60CAC00B394EF /* NoteCell.swift in Sources */,
				BAFA05F81CA87C9300B0005F /* NoteTVC.swift in Sources */,
				BAFF99511CA1618200FD12F7 /* AppDelegate.swift in Sources */,
				BAFBE0701CA460820046E752 /* Folder+CoreDataProperties.swift in Sources */,
				BAFBE0711CA460820046E752 /* Folder.swift in Sources */,
				BA8685381CA1E1770025CE94 /* Classes.swift in Sources */,
				BAFF99591CA1618200FD12F7 /* Lenote.xcdatamodeld in Sources */,
				BA23E3E91CA1F6E100516750 /* FolderCell.swift in Sources */,
				BAFEB7EE1CA608F900B394EF /* FolderTVC.swift in Sources */,
				BA46E15D1CA9879300975CCA /* Note.swift in Sources */,
			);
			runOnlyForDeploymentPostprocessing = 0;
		};
		BAFF99601CA1618200FD12F7 /* Sources */ = {
			isa = PBXSourcesBuildPhase;
			buildActionMask = 2147483647;
			files = (
				BAFF99691CA1618200FD12F7 /* LenoteTests.swift in Sources */,
			);
			runOnlyForDeploymentPostprocessing = 0;
		};
		BAFF996B1CA1618200FD12F7 /* Sources */ = {
			isa = PBXSourcesBuildPhase;
			buildActionMask = 2147483647;
			files = (
				BAFF99741CA1618200FD12F7 /* LenoteUITests.swift in Sources */,
			);
			runOnlyForDeploymentPostprocessing = 0;
		};
/* End PBXSourcesBuildPhase section */

/* Begin PBXTargetDependency section */
		BAFF99661CA1618200FD12F7 /* PBXTargetDependency */ = {
			isa = PBXTargetDependency;
			target = BAFF994C1CA1618200FD12F7 /* Lenote */;
			targetProxy = BAFF99651CA1618200FD12F7 /* PBXContainerItemProxy */;
		};
		BAFF99711CA1618200FD12F7 /* PBXTargetDependency */ = {
			isa = PBXTargetDependency;
			target = BAFF994C1CA1618200FD12F7 /* Lenote */;
			targetProxy = BAFF99701CA1618200FD12F7 /* PBXContainerItemProxy */;
		};
/* End PBXTargetDependency section */

/* Begin PBXVariantGroup section */
		BAFF99541CA1618200FD12F7 /* Main.storyboard */ = {
			isa = PBXVariantGroup;
			children = (
				BAFF99551CA1618200FD12F7 /* Base */,
			);
			name = Main.storyboard;
			sourceTree = "<group>";
		};
		BAFF995C1CA1618200FD12F7 /* LaunchScreen.storyboard */ = {
			isa = PBXVariantGroup;
			children = (
				BAFF995D1CA1618200FD12F7 /* Base */,
			);
			name = LaunchScreen.storyboard;
			sourceTree = "<group>";
		};
/* End PBXVariantGroup section */

/* Begin XCBuildConfiguration section */
		BAFF99761CA1618200FD12F7 /* Debug */ = {
			isa = XCBuildConfiguration;
			buildSettings = {
				ALWAYS_SEARCH_USER_PATHS = NO;
				CLANG_CXX_LANGUAGE_STANDARD = "gnu++0x";
				CLANG_CXX_LIBRARY = "libc++";
				CLANG_ENABLE_MODULES = YES;
				CLANG_ENABLE_OBJC_ARC = YES;
				CLANG_WARN_BOOL_CONVERSION = YES;
				CLANG_WARN_CONSTANT_CONVERSION = YES;
				CLANG_WARN_DIRECT_OBJC_ISA_USAGE = YES_ERROR;
				CLANG_WARN_EMPTY_BODY = YES;
				CLANG_WARN_ENUM_CONVERSION = YES;
				CLANG_WARN_INT_CONVERSION = YES;
				CLANG_WARN_OBJC_ROOT_CLASS = YES_ERROR;
				CLANG_WARN_UNREACHABLE_CODE = YES;
				CLANG_WARN__DUPLICATE_METHOD_MATCH = YES;
				"CODE_SIGN_IDENTITY[sdk=iphoneos*]" = "iPhone Developer";
				COPY_PHASE_STRIP = NO;
				DEBUG_INFORMATION_FORMAT = dwarf;
				ENABLE_STRICT_OBJC_MSGSEND = YES;
				ENABLE_TESTABILITY = YES;
				GCC_C_LANGUAGE_STANDARD = gnu99;
				GCC_DYNAMIC_NO_PIC = NO;
				GCC_NO_COMMON_BLOCKS = YES;
				GCC_OPTIMIZATION_LEVEL = 0;
				GCC_PREPROCESSOR_DEFINITIONS = (
					"DEBUG=1",
					"$(inherited)",
				);
				GCC_WARN_64_TO_32_BIT_CONVERSION = YES;
				GCC_WARN_ABOUT_RETURN_TYPE = YES_ERROR;
				GCC_WARN_UNDECLARED_SELECTOR = YES;
				GCC_WARN_UNINITIALIZED_AUTOS = YES_AGGRESSIVE;
				GCC_WARN_UNUSED_FUNCTION = YES;
				GCC_WARN_UNUSED_VARIABLE = YES;
				IPHONEOS_DEPLOYMENT_TARGET = 9.2;
				MTL_ENABLE_DEBUG_INFO = YES;
				ONLY_ACTIVE_ARCH = YES;
				SDKROOT = iphoneos;
				SWIFT_OPTIMIZATION_LEVEL = "-Onone";
			};
			name = Debug;
		};
		BAFF99771CA1618200FD12F7 /* Release */ = {
			isa = XCBuildConfiguration;
			buildSettings = {
				ALWAYS_SEARCH_USER_PATHS = NO;
				CLANG_CXX_LANGUAGE_STANDARD = "gnu++0x";
				CLANG_CXX_LIBRARY = "libc++";
				CLANG_ENABLE_MODULES = YES;
				CLANG_ENABLE_OBJC_ARC = YES;
				CLANG_WARN_BOOL_CONVERSION = YES;
				CLANG_WARN_CONSTANT_CONVERSION = YES;
				CLANG_WARN_DIRECT_OBJC_ISA_USAGE = YES_ERROR;
				CLANG_WARN_EMPTY_BODY = YES;
				CLANG_WARN_ENUM_CONVERSION = YES;
				CLANG_WARN_INT_CONVERSION = YES;
				CLANG_WARN_OBJC_ROOT_CLASS = YES_ERROR;
				CLANG_WARN_UNREACHABLE_CODE = YES;
				CLANG_WARN__DUPLICATE_METHOD_MATCH = YES;
				"CODE_SIGN_IDENTITY[sdk=iphoneos*]" = "iPhone Developer";
				COPY_PHASE_STRIP = NO;
				DEBUG_INFORMATION_FORMAT = "dwarf-with-dsym";
				ENABLE_NS_ASSERTIONS = NO;
				ENABLE_STRICT_OBJC_MSGSEND = YES;
				GCC_C_LANGUAGE_STANDARD = gnu99;
				GCC_NO_COMMON_BLOCKS = YES;
				GCC_WARN_64_TO_32_BIT_CONVERSION = YES;
				GCC_WARN_ABOUT_RETURN_TYPE = YES_ERROR;
				GCC_WARN_UNDECLARED_SELECTOR = YES;
				GCC_WARN_UNINITIALIZED_AUTOS = YES_AGGRESSIVE;
				GCC_WARN_UNUSED_FUNCTION = YES;
				GCC_WARN_UNUSED_VARIABLE = YES;
				IPHONEOS_DEPLOYMENT_TARGET = 9.2;
				MTL_ENABLE_DEBUG_INFO = NO;
				SDKROOT = iphoneos;
				VALIDATE_PRODUCT = YES;
			};
			name = Release;
		};
		BAFF99791CA1618200FD12F7 /* Debug */ = {
			isa = XCBuildConfiguration;
			baseConfigurationReference = 596B0EB15EA16457A5874DDD /* Pods-Lenote.debug.xcconfig */;
			buildSettings = {
				ASSETCATALOG_COMPILER_APPICON_NAME = AppIcon;
				CLANG_ENABLE_MODULES = YES;
				INFOPLIST_FILE = Lenote/Info.plist;
				LD_RUNPATH_SEARCH_PATHS = "$(inherited) @executable_path/Frameworks";
				PRODUCT_BUNDLE_IDENTIFIER = W.Lenote;
				PRODUCT_NAME = "$(TARGET_NAME)";
				SWIFT_OBJC_BRIDGING_HEADER = "Lenote/Lenote-Bridging-Header.h";
				SWIFT_OPTIMIZATION_LEVEL = "-Onone";
			};
			name = Debug;
		};
		BAFF997A1CA1618200FD12F7 /* Release */ = {
			isa = XCBuildConfiguration;
			baseConfigurationReference = F4837EF6D092FF4849C50B68 /* Pods-Lenote.release.xcconfig */;
			buildSettings = {
				ASSETCATALOG_COMPILER_APPICON_NAME = AppIcon;
				CLANG_ENABLE_MODULES = YES;
				INFOPLIST_FILE = Lenote/Info.plist;
				LD_RUNPATH_SEARCH_PATHS = "$(inherited) @executable_path/Frameworks";
				PRODUCT_BUNDLE_IDENTIFIER = W.Lenote;
				PRODUCT_NAME = "$(TARGET_NAME)";
				SWIFT_OBJC_BRIDGING_HEADER = "Lenote/Lenote-Bridging-Header.h";
			};
			name = Release;
		};
		BAFF997C1CA1618200FD12F7 /* Debug */ = {
			isa = XCBuildConfiguration;
			buildSettings = {
				BUNDLE_LOADER = "$(TEST_HOST)";
				INFOPLIST_FILE = LenoteTests/Info.plist;
				LD_RUNPATH_SEARCH_PATHS = "$(inherited) @executable_path/Frameworks @loader_path/Frameworks";
				PRODUCT_BUNDLE_IDENTIFIER = W.LenoteTests;
				PRODUCT_NAME = "$(TARGET_NAME)";
				TEST_HOST = "$(BUILT_PRODUCTS_DIR)/Lenote.app/Lenote";
			};
			name = Debug;
		};
		BAFF997D1CA1618200FD12F7 /* Release */ = {
			isa = XCBuildConfiguration;
			buildSettings = {
				BUNDLE_LOADER = "$(TEST_HOST)";
				INFOPLIST_FILE = LenoteTests/Info.plist;
				LD_RUNPATH_SEARCH_PATHS = "$(inherited) @executable_path/Frameworks @loader_path/Frameworks";
				PRODUCT_BUNDLE_IDENTIFIER = W.LenoteTests;
				PRODUCT_NAME = "$(TARGET_NAME)";
				TEST_HOST = "$(BUILT_PRODUCTS_DIR)/Lenote.app/Lenote";
			};
			name = Release;
		};
		BAFF997F1CA1618200FD12F7 /* Debug */ = {
			isa = XCBuildConfiguration;
			buildSettings = {
				INFOPLIST_FILE = LenoteUITests/Info.plist;
				LD_RUNPATH_SEARCH_PATHS = "$(inherited) @executable_path/Frameworks @loader_path/Frameworks";
				PRODUCT_BUNDLE_IDENTIFIER = W.LenoteUITests;
				PRODUCT_NAME = "$(TARGET_NAME)";
				TEST_TARGET_NAME = Lenote;
				USES_XCTRUNNER = YES;
			};
			name = Debug;
		};
		BAFF99801CA1618200FD12F7 /* Release */ = {
			isa = XCBuildConfiguration;
			buildSettings = {
				INFOPLIST_FILE = LenoteUITests/Info.plist;
				LD_RUNPATH_SEARCH_PATHS = "$(inherited) @executable_path/Frameworks @loader_path/Frameworks";
				PRODUCT_BUNDLE_IDENTIFIER = W.LenoteUITests;
				PRODUCT_NAME = "$(TARGET_NAME)";
				TEST_TARGET_NAME = Lenote;
				USES_XCTRUNNER = YES;
			};
			name = Release;
		};
/* End XCBuildConfiguration section */

/* Begin XCConfigurationList section */
		BAFF99481CA1618200FD12F7 /* Build configuration list for PBXProject "Lenote" */ = {
			isa = XCConfigurationList;
			buildConfigurations = (
				BAFF99761CA1618200FD12F7 /* Debug */,
				BAFF99771CA1618200FD12F7 /* Release */,
			);
			defaultConfigurationIsVisible = 0;
			defaultConfigurationName = Release;
		};
		BAFF99781CA1618200FD12F7 /* Build configuration list for PBXNativeTarget "Lenote" */ = {
			isa = XCConfigurationList;
			buildConfigurations = (
				BAFF99791CA1618200FD12F7 /* Debug */,
				BAFF997A1CA1618200FD12F7 /* Release */,
			);
			defaultConfigurationIsVisible = 0;
			defaultConfigurationName = Release;
		};
		BAFF997B1CA1618200FD12F7 /* Build configuration list for PBXNativeTarget "LenoteTests" */ = {
			isa = XCConfigurationList;
			buildConfigurations = (
				BAFF997C1CA1618200FD12F7 /* Debug */,
				BAFF997D1CA1618200FD12F7 /* Release */,
			);
			defaultConfigurationIsVisible = 0;
			defaultConfigurationName = Release;
		};
		BAFF997E1CA1618200FD12F7 /* Build configuration list for PBXNativeTarget "LenoteUITests" */ = {
			isa = XCConfigurationList;
			buildConfigurations = (
				BAFF997F1CA1618200FD12F7 /* Debug */,
				BAFF99801CA1618200FD12F7 /* Release */,
			);
			defaultConfigurationIsVisible = 0;
			defaultConfigurationName = Release;
		};
/* End XCConfigurationList section */

/* Begin XCVersionGroup section */
		BAFF99571CA1618200FD12F7 /* Lenote.xcdatamodeld */ = {
			isa = XCVersionGroup;
			children = (
				BAFF99581CA1618200FD12F7 /* Lenote.xcdatamodel */,
			);
			currentVersion = BAFF99581CA1618200FD12F7 /* Lenote.xcdatamodel */;
			path = Lenote.xcdatamodeld;
			sourceTree = "<group>";
			versionGroupType = wrapper.xcdatamodel;
		};
/* End XCVersionGroup section */
	};
	rootObject = BAFF99451CA1618200FD12F7 /* Project object */;
}
